// !$*UTF8*$!
{
	archiveVersion = 1;
	classes = {
	};
	objectVersion = 77;
	objects = {

/* Begin PBXBuildFile section */
		965D8EE72D8DC7C200F75E99 /* Functions in Frameworks */ = {isa = PBXBuildFile; productRef = 965D8EE62D8DC7C200F75E99 /* Functions */; };
		965D8EE92D8DC7C200F75E99 /* Realtime in Frameworks */ = {isa = PBXBuildFile; productRef = 965D8EE82D8DC7C200F75E99 /* Realtime */; };
		965D8EEB2D8DC7C200F75E99 /* Storage in Frameworks */ = {isa = PBXBuildFile; productRef = 965D8EEA2D8DC7C200F75E99 /* Storage */; };
		965D8EED2D8DC7C200F75E99 /* Supabase in Frameworks */ = {isa = PBXBuildFile; productRef = 965D8EEC2D8DC7C200F75E99 /* Supabase */; };
		965D8EF02D8DC80300F75E99 /* Kingfisher in Frameworks */ = {isa = PBXBuildFile; productRef = 965D8EEF2D8DC80300F75E99 /* Kingfisher */; };
		9698349B2D8DD27600F22A41 /* Auth in Frameworks */ = {isa = PBXBuildFile; productRef = 9698349A2D8DD27600F22A41 /* Auth */; };
		9698349D2D8DD27600F22A41 /* PostgREST in Frameworks */ = {isa = PBXBuildFile; productRef = 9698349C2D8DD27600F22A41 /* PostgREST */; };
		969D95E82CEBE39500CEE318 /* Lottie in Frameworks */ = {isa = PBXBuildFile; productRef = 969D95E72CEBE39500CEE318 /* Lottie */; };
		96C603012CD5AE7200A36FB4 /* KeychainAccess in Frameworks */ = {isa = PBXBuildFile; productRef = 96C603002CD5AE7200A36FB4 /* KeychainAccess */; };
/* End PBXBuildFile section */

/* Begin PBXContainerItemProxy section */
		962DB3012CD4156F008077F5 /* PBXContainerItemProxy */ = {
			isa = PBXContainerItemProxy;
			containerPortal = 962DB2E82CD4156E008077F5 /* Project object */;
			proxyType = 1;
			remoteGlobalIDString = 962DB2EF2CD4156E008077F5;
			remoteInfo = "OPBR Companion";
		};
		962DB30B2CD4156F008077F5 /* PBXContainerItemProxy */ = {
			isa = PBXContainerItemProxy;
			containerPortal = 962DB2E82CD4156E008077F5 /* Project object */;
			proxyType = 1;
			remoteGlobalIDString = 962DB2EF2CD4156E008077F5;
			remoteInfo = "OPBR Companion";
		};
/* End PBXContainerItemProxy section */

/* Begin PBXFileReference section */
		962DB2F02CD4156E008077F5 /* OPBR Companion.app */ = {isa = PBXFileReference; explicitFileType = wrapper.application; includeInIndex = 0; path = "OPBR Companion.app"; sourceTree = BUILT_PRODUCTS_DIR; };
		962DB3002CD4156F008077F5 /* OPBR CompanionTests.xctest */ = {isa = PBXFileReference; explicitFileType = wrapper.cfbundle; includeInIndex = 0; path = "OPBR CompanionTests.xctest"; sourceTree = BUILT_PRODUCTS_DIR; };
		962DB30A2CD4156F008077F5 /* OPBR CompanionUITests.xctest */ = {isa = PBXFileReference; explicitFileType = wrapper.cfbundle; includeInIndex = 0; path = "OPBR CompanionUITests.xctest"; sourceTree = BUILT_PRODUCTS_DIR; };
/* End PBXFileReference section */

/* Begin PBXFileSystemSynchronizedRootGroup section */
		962DB2F22CD4156E008077F5 /* OPBR Companion */ = {
			isa = PBXFileSystemSynchronizedRootGroup;
			path = "OPBR Companion";
			sourceTree = "<group>";
		};
		962DB3032CD4156F008077F5 /* OPBR CompanionTests */ = {
			isa = PBXFileSystemSynchronizedRootGroup;
			path = "OPBR CompanionTests";
			sourceTree = "<group>";
		};
		962DB30D2CD4156F008077F5 /* OPBR CompanionUITests */ = {
			isa = PBXFileSystemSynchronizedRootGroup;
			path = "OPBR CompanionUITests";
			sourceTree = "<group>";
		};
/* End PBXFileSystemSynchronizedRootGroup section */

/* Begin PBXFrameworksBuildPhase section */
		962DB2ED2CD4156E008077F5 /* Frameworks */ = {
			isa = PBXFrameworksBuildPhase;
			buildActionMask = 2147483647;
			files = (
				965D8EE72D8DC7C200F75E99 /* Functions in Frameworks */,
				96C603012CD5AE7200A36FB4 /* KeychainAccess in Frameworks */,
				965D8EF02D8DC80300F75E99 /* Kingfisher in Frameworks */,
				9698349D2D8DD27600F22A41 /* PostgREST in Frameworks */,
				965D8EED2D8DC7C200F75E99 /* Supabase in Frameworks */,
				969D95E82CEBE39500CEE318 /* Lottie in Frameworks */,
				965D8EEB2D8DC7C200F75E99 /* Storage in Frameworks */,
				9698349B2D8DD27600F22A41 /* Auth in Frameworks */,
				965D8EE92D8DC7C200F75E99 /* Realtime in Frameworks */,
			);
			runOnlyForDeploymentPostprocessing = 0;
		};
		962DB2FD2CD4156F008077F5 /* Frameworks */ = {
			isa = PBXFrameworksBuildPhase;
			buildActionMask = 2147483647;
			files = (
			);
			runOnlyForDeploymentPostprocessing = 0;
		};
		962DB3072CD4156F008077F5 /* Frameworks */ = {
			isa = PBXFrameworksBuildPhase;
			buildActionMask = 2147483647;
			files = (
			);
			runOnlyForDeploymentPostprocessing = 0;
		};
/* End PBXFrameworksBuildPhase section */

/* Begin PBXGroup section */
		962DB2E72CD4156E008077F5 = {
			isa = PBXGroup;
			children = (
				962DB2F22CD4156E008077F5 /* OPBR Companion */,
				962DB3032CD4156F008077F5 /* OPBR CompanionTests */,
				962DB30D2CD4156F008077F5 /* OPBR CompanionUITests */,
				962DB2F12CD4156E008077F5 /* Products */,
			);
			sourceTree = "<group>";
		};
		962DB2F12CD4156E008077F5 /* Products */ = {
			isa = PBXGroup;
			children = (
				962DB2F02CD4156E008077F5 /* OPBR Companion.app */,
				962DB3002CD4156F008077F5 /* OPBR CompanionTests.xctest */,
				962DB30A2CD4156F008077F5 /* OPBR CompanionUITests.xctest */,
			);
			name = Products;
			sourceTree = "<group>";
		};
/* End PBXGroup section */

/* Begin PBXNativeTarget section */
		962DB2EF2CD4156E008077F5 /* OPBR Companion */ = {
			isa = PBXNativeTarget;
			buildConfigurationList = 962DB3142CD4156F008077F5 /* Build configuration list for PBXNativeTarget "OPBR Companion" */;
			buildPhases = (
				962DB2EC2CD4156E008077F5 /* Sources */,
				962DB2ED2CD4156E008077F5 /* Frameworks */,
				962DB2EE2CD4156E008077F5 /* Resources */,
			);
			buildRules = (
			);
			dependencies = (
			);
			fileSystemSynchronizedGroups = (
				962DB2F22CD4156E008077F5 /* OPBR Companion */,
			);
			name = "OPBR Companion";
			packageProductDependencies = (
				96C603002CD5AE7200A36FB4 /* KeychainAccess */,
				969D95E72CEBE39500CEE318 /* Lottie */,
				965D8EE62D8DC7C200F75E99 /* Functions */,
				965D8EE82D8DC7C200F75E99 /* Realtime */,
				965D8EEA2D8DC7C200F75E99 /* Storage */,
				965D8EEC2D8DC7C200F75E99 /* Supabase */,
				965D8EEF2D8DC80300F75E99 /* Kingfisher */,
				9698349A2D8DD27600F22A41 /* Auth */,
				9698349C2D8DD27600F22A41 /* PostgREST */,
			);
			productName = "OPBR Companion";
			productReference = 962DB2F02CD4156E008077F5 /* OPBR Companion.app */;
			productType = "com.apple.product-type.application";
		};
		962DB2FF2CD4156F008077F5 /* OPBR CompanionTests */ = {
			isa = PBXNativeTarget;
			buildConfigurationList = 962DB3172CD4156F008077F5 /* Build configuration list for PBXNativeTarget "OPBR CompanionTests" */;
			buildPhases = (
				962DB2FC2CD4156F008077F5 /* Sources */,
				962DB2FD2CD4156F008077F5 /* Frameworks */,
				962DB2FE2CD4156F008077F5 /* Resources */,
			);
			buildRules = (
			);
			dependencies = (
				962DB3022CD4156F008077F5 /* PBXTargetDependency */,
			);
			fileSystemSynchronizedGroups = (
				962DB3032CD4156F008077F5 /* OPBR CompanionTests */,
			);
			name = "OPBR CompanionTests";
			packageProductDependencies = (
			);
			productName = "OPBR CompanionTests";
			productReference = 962DB3002CD4156F008077F5 /* OPBR CompanionTests.xctest */;
			productType = "com.apple.product-type.bundle.unit-test";
		};
		962DB3092CD4156F008077F5 /* OPBR CompanionUITests */ = {
			isa = PBXNativeTarget;
			buildConfigurationList = 962DB31A2CD4156F008077F5 /* Build configuration list for PBXNativeTarget "OPBR CompanionUITests" */;
			buildPhases = (
				962DB3062CD4156F008077F5 /* Sources */,
				962DB3072CD4156F008077F5 /* Frameworks */,
				962DB3082CD4156F008077F5 /* Resources */,
			);
			buildRules = (
			);
			dependencies = (
				962DB30C2CD4156F008077F5 /* PBXTargetDependency */,
			);
			fileSystemSynchronizedGroups = (
				962DB30D2CD4156F008077F5 /* OPBR CompanionUITests */,
			);
			name = "OPBR CompanionUITests";
			packageProductDependencies = (
			);
			productName = "OPBR CompanionUITests";
			productReference = 962DB30A2CD4156F008077F5 /* OPBR CompanionUITests.xctest */;
			productType = "com.apple.product-type.bundle.ui-testing";
		};
/* End PBXNativeTarget section */

/* Begin PBXProject section */
		962DB2E82CD4156E008077F5 /* Project object */ = {
			isa = PBXProject;
			attributes = {
				BuildIndependentTargetsInParallel = 1;
				LastSwiftUpdateCheck = 1610;
				LastUpgradeCheck = 1610;
				TargetAttributes = {
					962DB2EF2CD4156E008077F5 = {
						CreatedOnToolsVersion = 16.1;
					};
					962DB2FF2CD4156F008077F5 = {
						CreatedOnToolsVersion = 16.1;
						TestTargetID = 962DB2EF2CD4156E008077F5;
					};
					962DB3092CD4156F008077F5 = {
						CreatedOnToolsVersion = 16.1;
						TestTargetID = 962DB2EF2CD4156E008077F5;
					};
				};
			};
			buildConfigurationList = 962DB2EB2CD4156E008077F5 /* Build configuration list for PBXProject "OPBR Companion" */;
			developmentRegion = en;
			hasScannedForEncodings = 0;
			knownRegions = (
				en,
				Base,
			);
			mainGroup = 962DB2E72CD4156E008077F5;
			minimizedProjectReferenceProxies = 1;
			packageReferences = (
				96C602FF2CD5AE7200A36FB4 /* XCRemoteSwiftPackageReference "KeychainAccess" */,
				969D95E62CEBE39500CEE318 /* XCRemoteSwiftPackageReference "lottie-ios" */,
				965D8EE52D8DC7C200F75E99 /* XCRemoteSwiftPackageReference "supabase-swift" */,
				965D8EEE2D8DC80300F75E99 /* XCRemoteSwiftPackageReference "Kingfisher" */,
			);
			preferredProjectObjectVersion = 77;
			productRefGroup = 962DB2F12CD4156E008077F5 /* Products */;
			projectDirPath = "";
			projectRoot = "";
			targets = (
				962DB2EF2CD4156E008077F5 /* OPBR Companion */,
				962DB2FF2CD4156F008077F5 /* OPBR CompanionTests */,
				962DB3092CD4156F008077F5 /* OPBR CompanionUITests */,
			);
		};
/* End PBXProject section */

/* Begin PBXResourcesBuildPhase section */
		962DB2EE2CD4156E008077F5 /* Resources */ = {
			isa = PBXResourcesBuildPhase;
			buildActionMask = 2147483647;
			files = (
			);
			runOnlyForDeploymentPostprocessing = 0;
		};
		962DB2FE2CD4156F008077F5 /* Resources */ = {
			isa = PBXResourcesBuildPhase;
			buildActionMask = 2147483647;
			files = (
			);
			runOnlyForDeploymentPostprocessing = 0;
		};
		962DB3082CD4156F008077F5 /* Resources */ = {
			isa = PBXResourcesBuildPhase;
			buildActionMask = 2147483647;
			files = (
			);
			runOnlyForDeploymentPostprocessing = 0;
		};
/* End PBXResourcesBuildPhase section */

/* Begin PBXSourcesBuildPhase section */
		962DB2EC2CD4156E008077F5 /* Sources */ = {
			isa = PBXSourcesBuildPhase;
			buildActionMask = 2147483647;
			files = (
			);
			runOnlyForDeploymentPostprocessing = 0;
		};
		962DB2FC2CD4156F008077F5 /* Sources */ = {
			isa = PBXSourcesBuildPhase;
			buildActionMask = 2147483647;
			files = (
			);
			runOnlyForDeploymentPostprocessing = 0;
		};
		962DB3062CD4156F008077F5 /* Sources */ = {
			isa = PBXSourcesBuildPhase;
			buildActionMask = 2147483647;
			files = (
			);
			runOnlyForDeploymentPostprocessing = 0;
		};
/* End PBXSourcesBuildPhase section */

/* Begin PBXTargetDependency section */
		962DB3022CD4156F008077F5 /* PBXTargetDependency */ = {
			isa = PBXTargetDependency;
			target = 962DB2EF2CD4156E008077F5 /* OPBR Companion */;
			targetProxy = 962DB3012CD4156F008077F5 /* PBXContainerItemProxy */;
		};
		962DB30C2CD4156F008077F5 /* PBXTargetDependency */ = {
			isa = PBXTargetDependency;
			target = 962DB2EF2CD4156E008077F5 /* OPBR Companion */;
			targetProxy = 962DB30B2CD4156F008077F5 /* PBXContainerItemProxy */;
		};
/* End PBXTargetDependency section */

/* Begin XCBuildConfiguration section */
		962DB3122CD4156F008077F5 /* Debug */ = {
			isa = XCBuildConfiguration;
			buildSettings = {
				ALWAYS_SEARCH_USER_PATHS = NO;
				ASSETCATALOG_COMPILER_GENERATE_SWIFT_ASSET_SYMBOL_EXTENSIONS = YES;
				CLANG_ANALYZER_NONNULL = YES;
				CLANG_ANALYZER_NUMBER_OBJECT_CONVERSION = YES_AGGRESSIVE;
				CLANG_CXX_LANGUAGE_STANDARD = "gnu++20";
				CLANG_ENABLE_MODULES = YES;
				CLANG_ENABLE_OBJC_ARC = YES;
				CLANG_ENABLE_OBJC_WEAK = YES;
				CLANG_WARN_BLOCK_CAPTURE_AUTORELEASING = YES;
				CLANG_WARN_BOOL_CONVERSION = YES;
				CLANG_WARN_COMMA = YES;
				CLANG_WARN_CONSTANT_CONVERSION = YES;
				CLANG_WARN_DEPRECATED_OBJC_IMPLEMENTATIONS = YES;
				CLANG_WARN_DIRECT_OBJC_ISA_USAGE = YES_ERROR;
				CLANG_WARN_DOCUMENTATION_COMMENTS = YES;
				CLANG_WARN_EMPTY_BODY = YES;
				CLANG_WARN_ENUM_CONVERSION = YES;
				CLANG_WARN_INFINITE_RECURSION = YES;
				CLANG_WARN_INT_CONVERSION = YES;
				CLANG_WARN_NON_LITERAL_NULL_CONVERSION = YES;
				CLANG_WARN_OBJC_IMPLICIT_RETAIN_SELF = YES;
				CLANG_WARN_OBJC_LITERAL_CONVERSION = YES;
				CLANG_WARN_OBJC_ROOT_CLASS = YES_ERROR;
				CLANG_WARN_QUOTED_INCLUDE_IN_FRAMEWORK_HEADER = YES;
				CLANG_WARN_RANGE_LOOP_ANALYSIS = YES;
				CLANG_WARN_STRICT_PROTOTYPES = YES;
				CLANG_WARN_SUSPICIOUS_MOVE = YES;
				CLANG_WARN_UNGUARDED_AVAILABILITY = YES_AGGRESSIVE;
				CLANG_WARN_UNREACHABLE_CODE = YES;
				CLANG_WARN__DUPLICATE_METHOD_MATCH = YES;
				COPY_PHASE_STRIP = NO;
				DEBUG_INFORMATION_FORMAT = dwarf;
				ENABLE_STRICT_OBJC_MSGSEND = YES;
				ENABLE_TESTABILITY = YES;
				ENABLE_USER_SCRIPT_SANDBOXING = YES;
				GCC_C_LANGUAGE_STANDARD = gnu17;
				GCC_DYNAMIC_NO_PIC = NO;
				GCC_NO_COMMON_BLOCKS = YES;
				GCC_OPTIMIZATION_LEVEL = 0;
				GCC_PREPROCESSOR_DEFINITIONS = (
					"DEBUG=1",
					"$(inherited)",
				);
				GCC_WARN_64_TO_32_BIT_CONVERSION = YES;
				GCC_WARN_ABOUT_RETURN_TYPE = YES_ERROR;
				GCC_WARN_UNDECLARED_SELECTOR = YES;
				GCC_WARN_UNINITIALIZED_AUTOS = YES_AGGRESSIVE;
				GCC_WARN_UNUSED_FUNCTION = YES;
				GCC_WARN_UNUSED_VARIABLE = YES;
				IPHONEOS_DEPLOYMENT_TARGET = 18.1;
				LOCALIZATION_PREFERS_STRING_CATALOGS = YES;
				MTL_ENABLE_DEBUG_INFO = INCLUDE_SOURCE;
				MTL_FAST_MATH = YES;
				ONLY_ACTIVE_ARCH = YES;
				SDKROOT = iphoneos;
				SWIFT_ACTIVE_COMPILATION_CONDITIONS = "DEBUG $(inherited)";
				SWIFT_OPTIMIZATION_LEVEL = "-Onone";
			};
			name = Debug;
		};
		962DB3132CD4156F008077F5 /* Release */ = {
			isa = XCBuildConfiguration;
			buildSettings = {
				ALWAYS_SEARCH_USER_PATHS = NO;
				ASSETCATALOG_COMPILER_GENERATE_SWIFT_ASSET_SYMBOL_EXTENSIONS = YES;
				CLANG_ANALYZER_NONNULL = YES;
				CLANG_ANALYZER_NUMBER_OBJECT_CONVERSION = YES_AGGRESSIVE;
				CLANG_CXX_LANGUAGE_STANDARD = "gnu++20";
				CLANG_ENABLE_MODULES = YES;
				CLANG_ENABLE_OBJC_ARC = YES;
				CLANG_ENABLE_OBJC_WEAK = YES;
				CLANG_WARN_BLOCK_CAPTURE_AUTORELEASING = YES;
				CLANG_WARN_BOOL_CONVERSION = YES;
				CLANG_WARN_COMMA = YES;
				CLANG_WARN_CONSTANT_CONVERSION = YES;
				CLANG_WARN_DEPRECATED_OBJC_IMPLEMENTATIONS = YES;
				CLANG_WARN_DIRECT_OBJC_ISA_USAGE = YES_ERROR;
				CLANG_WARN_DOCUMENTATION_COMMENTS = YES;
				CLANG_WARN_EMPTY_BODY = YES;
				CLANG_WARN_ENUM_CONVERSION = YES;
				CLANG_WARN_INFINITE_RECURSION = YES;
				CLANG_WARN_INT_CONVERSION = YES;
				CLANG_WARN_NON_LITERAL_NULL_CONVERSION = YES;
				CLANG_WARN_OBJC_IMPLICIT_RETAIN_SELF = YES;
				CLANG_WARN_OBJC_LITERAL_CONVERSION = YES;
				CLANG_WARN_OBJC_ROOT_CLASS = YES_ERROR;
				CLANG_WARN_QUOTED_INCLUDE_IN_FRAMEWORK_HEADER = YES;
				CLANG_WARN_RANGE_LOOP_ANALYSIS = YES;
				CLANG_WARN_STRICT_PROTOTYPES = YES;
				CLANG_WARN_SUSPICIOUS_MOVE = YES;
				CLANG_WARN_UNGUARDED_AVAILABILITY = YES_AGGRESSIVE;
				CLANG_WARN_UNREACHABLE_CODE = YES;
				CLANG_WARN__DUPLICATE_METHOD_MATCH = YES;
				COPY_PHASE_STRIP = NO;
				DEBUG_INFORMATION_FORMAT = "dwarf-with-dsym";
				ENABLE_NS_ASSERTIONS = NO;
				ENABLE_STRICT_OBJC_MSGSEND = YES;
				ENABLE_USER_SCRIPT_SANDBOXING = YES;
				GCC_C_LANGUAGE_STANDARD = gnu17;
				GCC_NO_COMMON_BLOCKS = YES;
				GCC_WARN_64_TO_32_BIT_CONVERSION = YES;
				GCC_WARN_ABOUT_RETURN_TYPE = YES_ERROR;
				GCC_WARN_UNDECLARED_SELECTOR = YES;
				GCC_WARN_UNINITIALIZED_AUTOS = YES_AGGRESSIVE;
				GCC_WARN_UNUSED_FUNCTION = YES;
				GCC_WARN_UNUSED_VARIABLE = YES;
				IPHONEOS_DEPLOYMENT_TARGET = 18.1;
				LOCALIZATION_PREFERS_STRING_CATALOGS = YES;
				MTL_ENABLE_DEBUG_INFO = NO;
				MTL_FAST_MATH = YES;
				SDKROOT = iphoneos;
				SWIFT_COMPILATION_MODE = wholemodule;
				VALIDATE_PRODUCT = YES;
			};
			name = Release;
		};
		962DB3152CD4156F008077F5 /* Debug */ = {
			isa = XCBuildConfiguration;
			buildSettings = {
				ASSETCATALOG_COMPILER_APPICON_NAME = AppIcon;
				ASSETCATALOG_COMPILER_GLOBAL_ACCENT_COLOR_NAME = AccentColor;
				CODE_SIGN_ENTITLEMENTS = "OPBR Companion/OPBR Companion.entitlements";
				CODE_SIGN_STYLE = Automatic;
				CURRENT_PROJECT_VERSION = 12;
				DEVELOPMENT_ASSET_PATHS = "\"OPBR Companion/Preview Content\"";
				DEVELOPMENT_TEAM = N8K7U35P26;
				ENABLE_PREVIEWS = YES;
				GENERATE_INFOPLIST_FILE = YES;
				INFOPLIST_KEY_UIApplicationSceneManifest_Generation = YES;
				INFOPLIST_KEY_UIApplicationSupportsIndirectInputEvents = YES;
				INFOPLIST_KEY_UILaunchScreen_Generation = YES;
				INFOPLIST_KEY_UISupportedInterfaceOrientations = UIInterfaceOrientationPortrait;
				INFOPLIST_KEY_UISupportedInterfaceOrientations_iPad = "UIInterfaceOrientationLandscapeLeft UIInterfaceOrientationLandscapeRight UIInterfaceOrientationPortrait UIInterfaceOrientationPortraitUpsideDown";
				IPHONEOS_DEPLOYMENT_TARGET = 17.6;
				LD_RUNPATH_SEARCH_PATHS = (
					"$(inherited)",
					"@executable_path/Frameworks",
				);
				MARKETING_VERSION = 1.7;
				PRODUCT_BUNDLE_IDENTIFIER = "com.abdul.OPBR-Companion";
				PRODUCT_NAME = "$(TARGET_NAME)";
				SWIFT_EMIT_LOC_STRINGS = YES;
				SWIFT_VERSION = 5.0;
				TARGETED_DEVICE_FAMILY = "1,2";
			};
			name = Debug;
		};
		962DB3162CD4156F008077F5 /* Release */ = {
			isa = XCBuildConfiguration;
			buildSettings = {
				ASSETCATALOG_COMPILER_APPICON_NAME = AppIcon;
				ASSETCATALOG_COMPILER_GLOBAL_ACCENT_COLOR_NAME = AccentColor;
				CODE_SIGN_ENTITLEMENTS = "OPBR Companion/OPBR Companion.entitlements";
				CODE_SIGN_STYLE = Automatic;
				CURRENT_PROJECT_VERSION = 12;
				DEVELOPMENT_ASSET_PATHS = "\"OPBR Companion/Preview Content\"";
				DEVELOPMENT_TEAM = N8K7U35P26;
				ENABLE_PREVIEWS = YES;
				GENERATE_INFOPLIST_FILE = YES;
				INFOPLIST_KEY_UIApplicationSceneManifest_Generation = YES;
				INFOPLIST_KEY_UIApplicationSupportsIndirectInputEvents = YES;
				INFOPLIST_KEY_UILaunchScreen_Generation = YES;
				INFOPLIST_KEY_UISupportedInterfaceOrientations = UIInterfaceOrientationPortrait;
				INFOPLIST_KEY_UISupportedInterfaceOrientations_iPad = "UIInterfaceOrientationLandscapeLeft UIInterfaceOrientationLandscapeRight UIInterfaceOrientationPortrait UIInterfaceOrientationPortraitUpsideDown";
				IPHONEOS_DEPLOYMENT_TARGET = 17.6;
				LD_RUNPATH_SEARCH_PATHS = (
					"$(inherited)",
					"@executable_path/Frameworks",
				);
				MARKETING_VERSION = 1.7;
				PRODUCT_BUNDLE_IDENTIFIER = "com.abdul.OPBR-Companion";
				PRODUCT_NAME = "$(TARGET_NAME)";
				SWIFT_EMIT_LOC_STRINGS = YES;
				SWIFT_VERSION = 5.0;
				TARGETED_DEVICE_FAMILY = "1,2";
			};
			name = Release;
		};
		962DB3182CD4156F008077F5 /* Debug */ = {
			isa = XCBuildConfiguration;
			buildSettings = {
				BUNDLE_LOADER = "$(TEST_HOST)";
				CODE_SIGN_STYLE = Automatic;
				CURRENT_PROJECT_VERSION = 1;
				DEVELOPMENT_TEAM = N8K7U35P26;
				GENERATE_INFOPLIST_FILE = YES;
				IPHONEOS_DEPLOYMENT_TARGET = 18.1;
				MARKETING_VERSION = 1.0;
				PRODUCT_BUNDLE_IDENTIFIER = "com.abdul.OPBR-CompanionTests";
				PRODUCT_NAME = "$(TARGET_NAME)";
				SWIFT_EMIT_LOC_STRINGS = NO;
				SWIFT_VERSION = 5.0;
				TARGETED_DEVICE_FAMILY = "1,2";
				TEST_HOST = "$(BUILT_PRODUCTS_DIR)/OPBR Companion.app/$(BUNDLE_EXECUTABLE_FOLDER_PATH)/OPBR Companion";
			};
			name = Debug;
		};
		962DB3192CD4156F008077F5 /* Release */ = {
			isa = XCBuildConfiguration;
			buildSettings = {
				BUNDLE_LOADER = "$(TEST_HOST)";
				CODE_SIGN_STYLE = Automatic;
				CURRENT_PROJECT_VERSION = 1;
				DEVELOPMENT_TEAM = N8K7U35P26;
				GENERATE_INFOPLIST_FILE = YES;
				IPHONEOS_DEPLOYMENT_TARGET = 18.1;
				MARKETING_VERSION = 1.0;
				PRODUCT_BUNDLE_IDENTIFIER = "com.abdul.OPBR-CompanionTests";
				PRODUCT_NAME = "$(TARGET_NAME)";
				SWIFT_EMIT_LOC_STRINGS = NO;
				SWIFT_VERSION = 5.0;
				TARGETED_DEVICE_FAMILY = "1,2";
				TEST_HOST = "$(BUILT_PRODUCTS_DIR)/OPBR Companion.app/$(BUNDLE_EXECUTABLE_FOLDER_PATH)/OPBR Companion";
			};
			name = Release;
		};
		962DB31B2CD4156F008077F5 /* Debug */ = {
			isa = XCBuildConfiguration;
			buildSettings = {
				CODE_SIGN_STYLE = Automatic;
				CURRENT_PROJECT_VERSION = 1;
				DEVELOPMENT_TEAM = N8K7U35P26;
				GENERATE_INFOPLIST_FILE = YES;
				MARKETING_VERSION = 1.0;
				PRODUCT_BUNDLE_IDENTIFIER = "com.abdul.OPBR-CompanionUITests";
				PRODUCT_NAME = "$(TARGET_NAME)";
				SWIFT_EMIT_LOC_STRINGS = NO;
				SWIFT_VERSION = 5.0;
				TARGETED_DEVICE_FAMILY = "1,2";
				TEST_TARGET_NAME = "OPBR Companion";
			};
			name = Debug;
		};
		962DB31C2CD4156F008077F5 /* Release */ = {
			isa = XCBuildConfiguration;
			buildSettings = {
				CODE_SIGN_STYLE = Automatic;
				CURRENT_PROJECT_VERSION = 1;
				DEVELOPMENT_TEAM = N8K7U35P26;
				GENERATE_INFOPLIST_FILE = YES;
				MARKETING_VERSION = 1.0;
				PRODUCT_BUNDLE_IDENTIFIER = "com.abdul.OPBR-CompanionUITests";
				PRODUCT_NAME = "$(TARGET_NAME)";
				SWIFT_EMIT_LOC_STRINGS = NO;
				SWIFT_VERSION = 5.0;
				TARGETED_DEVICE_FAMILY = "1,2";
				TEST_TARGET_NAME = "OPBR Companion";
			};
			name = Release;
		};
/* End XCBuildConfiguration section */

/* Begin XCConfigurationList section */
		962DB2EB2CD4156E008077F5 /* Build configuration list for PBXProject "OPBR Companion" */ = {
			isa = XCConfigurationList;
			buildConfigurations = (
				962DB3122CD4156F008077F5 /* Debug */,
				962DB3132CD4156F008077F5 /* Release */,
			);
			defaultConfigurationIsVisible = 0;
			defaultConfigurationName = Release;
		};
		962DB3142CD4156F008077F5 /* Build configuration list for PBXNativeTarget "OPBR Companion" */ = {
			isa = XCConfigurationList;
			buildConfigurations = (
				962DB3152CD4156F008077F5 /* Debug */,
				962DB3162CD4156F008077F5 /* Release */,
			);
			defaultConfigurationIsVisible = 0;
			defaultConfigurationName = Release;
		};
		962DB3172CD4156F008077F5 /* Build configuration list for PBXNativeTarget "OPBR CompanionTests" */ = {
			isa = XCConfigurationList;
			buildConfigurations = (
				962DB3182CD4156F008077F5 /* Debug */,
				962DB3192CD4156F008077F5 /* Release */,
			);
			defaultConfigurationIsVisible = 0;
			defaultConfigurationName = Release;
		};
		962DB31A2CD4156F008077F5 /* Build configuration list for PBXNativeTarget "OPBR CompanionUITests" */ = {
			isa = XCConfigurationList;
			buildConfigurations = (
				962DB31B2CD4156F008077F5 /* Debug */,
				962DB31C2CD4156F008077F5 /* Release */,
			);
			defaultConfigurationIsVisible = 0;
			defaultConfigurationName = Release;
		};
/* End XCConfigurationList section */

/* Begin XCRemoteSwiftPackageReference section */
		965D8EE52D8DC7C200F75E99 /* XCRemoteSwiftPackageReference "supabase-swift" */ = {
			isa = XCRemoteSwiftPackageReference;
			repositoryURL = "https://github.com/supabase/supabase-swift";
			requirement = {
				kind = upToNextMajorVersion;
				minimumVersion = 2.5.1;
			};
		};
		965D8EEE2D8DC80300F75E99 /* XCRemoteSwiftPackageReference "Kingfisher" */ = {
			isa = XCRemoteSwiftPackageReference;
			repositoryURL = "https://github.com/onevcat/Kingfisher";
			requirement = {
				kind = upToNextMajorVersion;
				minimumVersion = 8.3.1;
			};
		};
		969D95E62CEBE39500CEE318 /* XCRemoteSwiftPackageReference "lottie-ios" */ = {
			isa = XCRemoteSwiftPackageReference;
			repositoryURL = "https://github.com/airbnb/lottie-ios";
			requirement = {
				kind = upToNextMajorVersion;
				minimumVersion = 4.5.0;
			};
		};
		96C602FF2CD5AE7200A36FB4 /* XCRemoteSwiftPackageReference "KeychainAccess" */ = {
			isa = XCRemoteSwiftPackageReference;
			repositoryURL = "https://github.com/kishikawakatsumi/KeychainAccess";
			requirement = {
				branch = master;
				kind = branch;
			};
		};
/* End XCRemoteSwiftPackageReference section */

/* Begin XCSwiftPackageProductDependency section */
		965D8EE62D8DC7C200F75E99 /* Functions */ = {
			isa = XCSwiftPackageProductDependency;
			package = 965D8EE52D8DC7C200F75E99 /* XCRemoteSwiftPackageReference "supabase-swift" */;
			productName = Functions;
		};
		965D8EE82D8DC7C200F75E99 /* Realtime */ = {
			isa = XCSwiftPackageProductDependency;
			package = 965D8EE52D8DC7C200F75E99 /* XCRemoteSwiftPackageReference "supabase-swift" */;
			productName = Realtime;
		};
		965D8EEA2D8DC7C200F75E99 /* Storage */ = {
			isa = XCSwiftPackageProductDependency;
			package = 965D8EE52D8DC7C200F75E99 /* XCRemoteSwiftPackageReference "supabase-swift" */;
			productName = Storage;
		};
		965D8EEC2D8DC7C200F75E99 /* Supabase */ = {
			isa = XCSwiftPackageProductDependency;
			package = 965D8EE52D8DC7C200F75E99 /* XCRemoteSwiftPackageReference "supabase-swift" */;
			productName = Supabase;
		};
		965D8EEF2D8DC80300F75E99 /* Kingfisher */ = {
			isa = XCSwiftPackageProductDependency;
			package = 965D8EEE2D8DC80300F75E99 /* XCRemoteSwiftPackageReference "Kingfisher" */;
			productName = Kingfisher;
		};
		9698349A2D8DD27600F22A41 /* Auth */ = {
			isa = XCSwiftPackageProductDependency;
			package = 965D8EE52D8DC7C200F75E99 /* XCRemoteSwiftPackageReference "supabase-swift" */;
			productName = Auth;
		};
		9698349C2D8DD27600F22A41 /* PostgREST */ = {
			isa = XCSwiftPackageProductDependency;
			package = 965D8EE52D8DC7C200F75E99 /* XCRemoteSwiftPackageReference "supabase-swift" */;
			productName = PostgREST;
		};
		969D95E72CEBE39500CEE318 /* Lottie */ = {
			isa = XCSwiftPackageProductDependency;
			package = 969D95E62CEBE39500CEE318 /* XCRemoteSwiftPackageReference "lottie-ios" */;
			productName = Lottie;
		};
		96C603002CD5AE7200A36FB4 /* KeychainAccess */ = {
			isa = XCSwiftPackageProductDependency;
			package = 96C602FF2CD5AE7200A36FB4 /* XCRemoteSwiftPackageReference "KeychainAccess" */;
			productName = KeychainAccess;
		};
/* End XCSwiftPackageProductDependency section */
	};
	rootObject = 962DB2E82CD4156E008077F5 /* Project object */;
}
